<?xml version="1.0" encoding="utf-8"?>
<Project ToolsVersion="4.0" xmlns="http://schemas.microsoft.com/developer/msbuild/2003">
  <ItemGroup>
    <Filter Include="cqsdk">
      <UniqueIdentifier>{df0aa887-6b25-4107-a731-0c1763722dde}</UniqueIdentifier>
    </Filter>
    <Filter Include="project">
      <UniqueIdentifier>{db876a08-a6d6-4fe8-af9f-15b91327738a}</UniqueIdentifier>
    </Filter>
    <Filter Include="cqsdk\utils">
      <UniqueIdentifier>{b77d39c8-6fa3-4f0d-bf8e-f2ec0e9c4ea7}</UniqueIdentifier>
    </Filter>
    <Filter Include="cqsdk\utils\vendor">
      <UniqueIdentifier>{d925bca0-413f-47ef-938d-7daf921bae40}</UniqueIdentifier>
    </Filter>
    <Filter Include="project\functionalities">
      <UniqueIdentifier>{c05abde2-18fe-44f7-81a4-ea8f5042c10a}</UniqueIdentifier>
    </Filter>
    <Filter Include="project\functionalities\passive_repeat">
      <UniqueIdentifier>{c3e83b4a-b1e3-4df3-9c49-a32b0dc86d02}</UniqueIdentifier>
    </Filter>
    <Filter Include="safety_check">
      <UniqueIdentifier>{a71765bf-7c1a-4741-a3d2-035aeeb72446}</UniqueIdentifier>
    </Filter>
    <Filter Include="project\functionalities\othello">
      <UniqueIdentifier>{b9f3fc50-4183-42d3-b342-a2bf800ebf51}</UniqueIdentifier>
    </Filter>
    <Filter Include="project\functionalities\pick_random_song">
      <UniqueIdentifier>{68902bc3-ab0c-4c0b-a0c0-65f36e57b9f5}</UniqueIdentifier>
    </Filter>
    <Filter Include="project\functionalities\uno">
      <UniqueIdentifier>{3003a99b-a6fe-49cc-a6c2-8c879fa523fe}</UniqueIdentifier>
    </Filter>
    <Filter Include="project\functionalities\pick_random_song\game_data">
      <UniqueIdentifier>{a9488ad2-31dc-4ac9-8f00-61c9948a73df}</UniqueIdentifier>
    </Filter>
    <Filter Include="project\processing">
      <UniqueIdentifier>{b06fe88d-dd38-4dd2-a46c-88e457ad9191}</UniqueIdentifier>
    </Filter>
    <Filter Include="project\utility">
      <UniqueIdentifier>{80d9cf51-9498-4f06-9d6c-c96b99a30b74}</UniqueIdentifier>
    </Filter>
    <Filter Include="third_party">
      <UniqueIdentifier>{1b2afae5-23db-4513-bce6-c1c9998c4bcd}</UniqueIdentifier>
    </Filter>
    <Filter Include="project\functionalities\meeting_on_7th">
      <UniqueIdentifier>{6883783e-031d-49e2-b370-a2e66fbf3c7b}</UniqueIdentifier>
    </Filter>
    <Filter Include="project\functionalities\tic_tac_toe">
      <UniqueIdentifier>{a30da533-02d3-4de2-be6b-2027f9ce259b}</UniqueIdentifier>
    </Filter>
    <Filter Include="project\functionalities\sudoku_solver">
      <UniqueIdentifier>{b3bda459-3b27-44fb-a4c6-4ae1e487ebc1}</UniqueIdentifier>
    </Filter>
  </ItemGroup>
  <ItemGroup>
    <ClCompile Include="cqsdk\api.cpp">
      <Filter>cqsdk</Filter>
    </ClCompile>
    <ClCompile Include="cqsdk\app.cpp">
      <Filter>cqsdk</Filter>
    </ClCompile>
    <ClCompile Include="cqsdk\dllmain.cpp">
      <Filter>cqsdk</Filter>
    </ClCompile>
    <ClCompile Include="cqsdk\event.cpp">
      <Filter>cqsdk</Filter>
    </ClCompile>
    <ClCompile Include="cqsdk\message.cpp">
      <Filter>cqsdk</Filter>
    </ClCompile>
    <ClCompile Include="cqsdk\utils\base64.cpp">
      <Filter>cqsdk\utils</Filter>
    </ClCompile>
    <ClCompile Include="cqsdk\utils\string.cpp">
      <Filter>cqsdk\utils</Filter>
    </ClCompile>
    <ClCompile Include="cqsdk\utils\vendor\base64.cpp">
      <Filter>cqsdk\utils\vendor</Filter>
    </ClCompile>
    <ClCompile Include="src\utils\utils.cpp" />
    <ClCompile Include="src\core\task.cpp" />
    <ClCompile Include="src\core\loop_task.cpp" />
    <ClCompile Include="src\core\main.cpp" />
    <ClCompile Include="src\core\app_manager.cpp" />
    <ClCompile Include="src\utils\random.cpp" />
    <ClCompile Include="src\tasks\loop_unban_creator.cpp" />
    <ClCompile Include="src\core\task_manager.cpp" />
    <ClCompile Include="src\tasks\creator_commands\creator_commands.cpp" />
    <ClCompile Include="src\tasks\creator_commands\command_view.cpp" />
    <ClCompile Include="src\tasks\save_load_manager.cpp" />
    <ClCompile Include="src\tasks\dice_roll.cpp" />
    <ClCompile Include="src\tasks\report_message.cpp" />
    <ClCompile Include="src\tasks\ban_group.cpp" />
    <ClCompile Include="src\tasks\ban_member.cpp" />
    <ClCompile Include="src\tasks\ridicule.cpp" />
    <ClCompile Include="src\tasks\random_sample.cpp" />
    <ClCompile Include="src\tasks\repeat\repeat.cpp" />
    <ClCompile Include="src\tasks\two_player_game\two_player_game.cpp" />
    <ClCompile Include="src\tasks\tic_tac_toe\tic_tac_toe_logic.cpp" />
    <ClCompile Include="src\tasks\tic_tac_toe\tic_tac_toe_board.cpp" />
    <ClCompile Include="src\tasks\tic_tac_toe\tic_tac_toe_game.cpp" />
    <ClCompile Include="src\tasks\othello\othello_logic.cpp" />
    <ClCompile Include="src\tasks\othello\othello_board.cpp" />
    <ClCompile Include="src\tasks\othello\othello_game.cpp" />
    <ClCompile Include="src\tasks\othello\codename_tairitsu.cpp" />
    <ClCompile Include="src\tasks\othello\othello_marigold.cpp" />
    <ClCompile Include="src\concurrency\call_scheduler.cpp" />
  </ItemGroup>
  <ItemGroup>
    <ClInclude Include="cqsdk\api.h">
      <Filter>cqsdk</Filter>
    </ClInclude>
    <ClInclude Include="cqsdk\api_funcs.h">
      <Filter>cqsdk</Filter>
    </ClInclude>
    <ClInclude Include="cqsdk\app.h">
      <Filter>cqsdk</Filter>
    </ClInclude>
    <ClInclude Include="cqsdk\common.h">
      <Filter>cqsdk</Filter>
    </ClInclude>
    <ClInclude Include="cqsdk\cqsdk.h">
      <Filter>cqsdk</Filter>
    </ClInclude>
    <ClInclude Include="cqsdk\def.h">
      <Filter>cqsdk</Filter>
    </ClInclude>
    <ClInclude Include="cqsdk\enums.h">
      <Filter>cqsdk</Filter>
    </ClInclude>
    <ClInclude Include="cqsdk\event.h">
      <Filter>cqsdk</Filter>
    </ClInclude>
    <ClInclude Include="cqsdk\exception.h">
      <Filter>cqsdk</Filter>
    </ClInclude>
    <ClInclude Include="cqsdk\logging.h">
      <Filter>cqsdk</Filter>
    </ClInclude>
    <ClInclude Include="cqsdk\menu.h">
      <Filter>cqsdk</Filter>
    </ClInclude>
    <ClInclude Include="cqsdk\message.h">
      <Filter>cqsdk</Filter>
    </ClInclude>
    <ClInclude Include="cqsdk\target.h">
      <Filter>cqsdk</Filter>
    </ClInclude>
    <ClInclude Include="cqsdk\types.h">
      <Filter>cqsdk</Filter>
    </ClInclude>
    <ClInclude Include="cqsdk\utils\base64.h">
      <Filter>cqsdk\utils</Filter>
    </ClInclude>
    <ClInclude Include="cqsdk\utils\binpack.h">
      <Filter>cqsdk\utils</Filter>
    </ClInclude>
    <ClInclude Include="cqsdk\utils\function.h">
      <Filter>cqsdk\utils</Filter>
    </ClInclude>
    <ClInclude Include="cqsdk\utils\memory.h">
      <Filter>cqsdk\utils</Filter>
    </ClInclude>
    <ClInclude Include="cqsdk\utils\string.h">
      <Filter>cqsdk\utils</Filter>
    </ClInclude>
    <ClInclude Include="cqsdk\utils\vendor\base64.h">
      <Filter>cqsdk\utils\vendor</Filter>
    </ClInclude>
    <ClInclude Include="safety_check\api.h">
      <Filter>safety_check</Filter>
    </ClInclude>
    <ClInclude Include="safety_check\logging.h">
      <Filter>safety_check</Filter>
    </ClInclude>
    <ClInclude Include="third_party\CImg.h">
      <Filter>third_party</Filter>
    </ClInclude>
    <ClInclude Include="src\utils\utils.h" />
    <ClInclude Include="src\core\task.h" />
    <ClInclude Include="src\core\task_manager.h" />
    <ClInclude Include="src\core\singleton.h" />
    <ClInclude Include="src\core\user_data.h" />
    <ClInclude Include="src\core\loop_task.h" />
    <ClInclude Include="src\core\app_manager.h" />
    <ClInclude Include="src\utils\random.h" />
    <ClInclude Include="src\tasks\tasks.h" />
    <ClInclude Include="src\tasks\loop_unban_creator.h" />
    <ClInclude Include="src\tasks\creator_commands\creator_commands.h" />
    <ClInclude Include="src\tasks\creator_commands\command_view.h" />
    <ClInclude Include="src\tasks\save_load_manager.h" />
    <ClInclude Include="src\tasks\dice_roll.h" />
    <ClInclude Include="src\tasks\report_message.h" />
    <ClInclude Include="src\tasks\ban_group.h" />
    <ClInclude Include="src\concurrency\guarded_container.h" />
    <ClInclude Include="src\concurrency\guarded_data.h" />
    <ClInclude Include="src\tasks\ban_member.h" />
    <ClInclude Include="src\utils\binary_io.h" />
    <ClInclude Include="src\tasks\ridicule.h" />
    <ClInclude Include="src\tasks\random_sample.h" />
    <ClInclude Include="src\tasks\repeat\repeat_chain.h" />
    <ClInclude Include="src\tasks\repeat\repeat.h" />
    <ClInclude Include="src\tasks\two_player_game\two_player_game.h" />
    <ClInclude Include="src\tasks\tic_tac_toe\tic_tac_toe_logic.h" />
    <ClInclude Include="src\tasks\tic_tac_toe\tic_tac_toe_board.h" />
    <ClInclude Include="src\tasks\tic_tac_toe\tic_tac_toe_game.h" />
    <ClInclude Include="src\tasks\othello\othello_logic.h" />
    <ClInclude Include="src\tasks\othello\othello_board.h" />
    <ClInclude Include="src\tasks\othello\othello_game.h" />
    <ClInclude Include="src\tasks\othello\codename_tairitsu.h" />
    <ClInclude Include="src\tasks\othello\othello_marigold.h" />
    <ClInclude Include="src\concurrency\call_scheduler.h" />
  </ItemGroup>
</Project>